
Microsoft Visual Studio Solution File, Format Version 12.00
# Visual Studio Version 17
VisualStudioVersion = 17.9.34616.47
MinimumVisualStudioVersion = 10.0.40219.1
Project("{2150E333-8FDC-42A3-9474-1A3956D46DE8}") = "src", "src", "{190D2DBF-CD8D-4F2A-AEAF-D7BF21ECB878}"
EndProject
Project("{2150E333-8FDC-42A3-9474-1A3956D46DE8}") = "tests", "tests", "{E7533FCF-41F3-45FF-B6C2-714DFA7718C4}"
EndProject
Project("{9A19103F-16F7-4668-BE54-9A1E7A4F7556}") = "Web", "src\Web\Web.csproj", "{1541141C-E447-4503-980C-584ABFDC80F5}"
EndProject
Project("{9A19103F-16F7-4668-BE54-9A1E7A4F7556}") = "Infrastructure", "src\Infrastructure\Infrastructure.csproj", "{CE99DAB1-718C-4889-95F5-1D838796FA48}"
EndProject
Project("{9A19103F-16F7-4668-BE54-9A1E7A4F7556}") = "ApplicationCore", "src\ApplicationCore\ApplicationCore.csproj", "{28D5FDFD-9BED-4C6A-83EE-C8666627274B}"
EndProject
Project("{9A19103F-16F7-4668-BE54-9A1E7A4F7556}") = "UnitTests", "tests\UnitTests\UnitTests.csproj", "{78B1D7D9-6126-4A1D-9C1A-DECD78E1CF36}"
EndProject
Project("{2150E333-8FDC-42A3-9474-1A3956D46DE8}") = "Solution Items", "Solution Items", "{AE309CF3-0CC4-4CA6-B77C-F8C5ED35CEBF}"
	ProjectSection(SolutionItems) = preProject
		README.md = README.md
	EndProjectSection
EndProject
Global
	GlobalSection(SolutionConfigurationPlatforms) = preSolution
		Debug|Any CPU = Debug|Any CPU
		Release|Any CPU = Release|Any CPU
	EndGlobalSection
	GlobalSection(ProjectConfigurationPlatforms) = postSolution
		{1541141C-E447-4503-980C-584ABFDC80F5}.Debug|Any CPU.ActiveCfg = Debug|Any CPU
		{1541141C-E447-4503-980C-584ABFDC80F5}.Debug|Any CPU.Build.0 = Debug|Any CPU
		{1541141C-E447-4503-980C-584ABFDC80F5}.Release|Any CPU.ActiveCfg = Release|Any CPU
		{1541141C-E447-4503-980C-584ABFDC80F5}.Release|Any CPU.Build.0 = Release|Any CPU
		{CE99DAB1-718C-4889-95F5-1D838796FA48}.Debug|Any CPU.ActiveCfg = Debug|Any CPU
		{CE99DAB1-718C-4889-95F5-1D838796FA48}.Debug|Any CPU.Build.0 = Debug|Any CPU
		{CE99DAB1-718C-4889-95F5-1D838796FA48}.Release|Any CPU.ActiveCfg = Release|Any CPU
		{CE99DAB1-718C-4889-95F5-1D838796FA48}.Release|Any CPU.Build.0 = Release|Any CPU
		{28D5FDFD-9BED-4C6A-83EE-C8666627274B}.Debug|Any CPU.ActiveCfg = Debug|Any CPU
		{28D5FDFD-9BED-4C6A-83EE-C8666627274B}.Debug|Any CPU.Build.0 = Debug|Any CPU
		{28D5FDFD-9BED-4C6A-83EE-C8666627274B}.Release|Any CPU.ActiveCfg = Release|Any CPU
		{28D5FDFD-9BED-4C6A-83EE-C8666627274B}.Release|Any CPU.Build.0 = Release|Any CPU
		{78B1D7D9-6126-4A1D-9C1A-DECD78E1CF36}.Debug|Any CPU.ActiveCfg = Debug|Any CPU
		{78B1D7D9-6126-4A1D-9C1A-DECD78E1CF36}.Debug|Any CPU.Build.0 = Debug|Any CPU
		{78B1D7D9-6126-4A1D-9C1A-DECD78E1CF36}.Release|Any CPU.ActiveCfg = Release|Any CPU
		{78B1D7D9-6126-4A1D-9C1A-DECD78E1CF36}.Release|Any CPU.Build.0 = Release|Any CPU
	EndGlobalSection
	GlobalSection(SolutionProperties) = preSolution
		HideSolutionNode = FALSE
	EndGlobalSection
	GlobalSection(NestedProjects) = preSolution
		{1541141C-E447-4503-980C-584ABFDC80F5} = {190D2DBF-CD8D-4F2A-AEAF-D7BF21ECB878}
		{CE99DAB1-718C-4889-95F5-1D838796FA48} = {190D2DBF-CD8D-4F2A-AEAF-D7BF21ECB878}
		{28D5FDFD-9BED-4C6A-83EE-C8666627274B} = {190D2DBF-CD8D-4F2A-AEAF-D7BF21ECB878}
		{78B1D7D9-6126-4A1D-9C1A-DECD78E1CF36} = {E7533FCF-41F3-45FF-B6C2-714DFA7718C4}
	EndGlobalSection
	GlobalSection(ExtensibilityGlobals) = postSolution
		SolutionGuid = {02253729-BDF7-4003-8F9B-5D39315C2189}
	EndGlobalSection
EndGlobal
